{
  "name": "ThreeJS-Presentation",
  "lockfileVersion": 2,
  "requires": true,
  "packages": {
    "": {
      "dependencies": {
        "reveal.js": "^4.3.1",
        "three": "^0.151.3"
      }
    },
    "node_modules/reveal.js": {
      "version": "4.3.1",
      "resolved": "https://registry.npmjs.org/reveal.js/-/reveal.js-4.3.1.tgz",
      "integrity": "sha512-1kyEnWeUkaCdBdX//XXq9dtBK95ppvIlSwlHelrP8/wrX6LcsYp4HT9WTFoFEOUBfVqkm8C2aHQ367o+UKfcxw==",
      "engines": {
        "node": ">=10.0.0"
      }
    },
    "node_modules/three": {
      "version": "0.151.3",
      "resolved": "https://registry.npmjs.org/three/-/three-0.151.3.tgz",
      "integrity": "sha512-+vbuqxFy8kzLeO5MgpBHUvP/EAiecaDwDuOPPDe6SbrZr96kccF0ktLngXc7xA7bzyd3N0t2f6mw3Z9y6JCojQ=="
    }
  },
  "dependencies": {
    "reveal.js": {
      "version": "4.3.1",
      "resolved": "https://registry.npmjs.org/reveal.js/-/reveal.js-4.3.1.tgz",
      "integrity": "sha512-1kyEnWeUkaCdBdX//XXq9dtBK95ppvIlSwlHelrP8/wrX6LcsYp4HT9WTFoFEOUBfVqkm8C2aHQ367o+UKfcxw=="
    },
    "three": {
      "version": "0.151.3",
      "resolved": "https://registry.npmjs.org/three/-/three-0.151.3.tgz",
      "integrity": "sha512-+vbuqxFy8kzLeO5MgpBHUvP/EAiecaDwDuOPPDe6SbrZr96kccF0ktLngXc7xA7bzyd3N0t2f6mw3Z9y6JCojQ=="
    }
  }
}
